
Microsoft Visual Studio Solution File, Format Version 12.00
# Visual Studio Version 17
VisualStudioVersion = 17.1.32421.90
MinimumVisualStudioVersion = 10.0.40219.1
Project("{FAE04EC0-301F-11D3-BF4B-00C04F79EFBC}") = "ConsultarCEP", "ConsultarCEP.csproj", "{C2232493-8B78-43B5-A6D7-AD7381AA8903}"
EndProject
Project("{54435603-DBB4-11D2-8724-00A0C9A8B90C}") = "Instalador CEP - William Guilherme Dahlke", "Instalador\Instalador CEP - William Guilherme Dahlke\Instalador CEP - William Guilherme Dahlke.vdproj", "{EC0C1017-B2B7-4EA3-886B-E6D7CE472C24}"
EndProject
Project("{FAE04EC0-301F-11D3-BF4B-00C04F79EFBC}") = "StringLibrary", "..\StringLibrary\StringLibrary.csproj", "{B80197B6-6C61-4015-987B-132A09A407A8}"
EndProject
Global
	GlobalSection(SolutionConfigurationPlatforms) = preSolution
		Debug|Any CPU = Debug|Any CPU
		Release|Any CPU = Release|Any CPU
	EndGlobalSection
	GlobalSection(ProjectConfigurationPlatforms) = postSolution
		{C2232493-8B78-43B5-A6D7-AD7381AA8903}.Debug|Any CPU.ActiveCfg = Debug|Any CPU
		{C2232493-8B78-43B5-A6D7-AD7381AA8903}.Debug|Any CPU.Build.0 = Debug|Any CPU
		{C2232493-8B78-43B5-A6D7-AD7381AA8903}.Release|Any CPU.ActiveCfg = Release|Any CPU
		{C2232493-8B78-43B5-A6D7-AD7381AA8903}.Release|Any CPU.Build.0 = Release|Any CPU
		{EC0C1017-B2B7-4EA3-886B-E6D7CE472C24}.Debug|Any CPU.ActiveCfg = Debug
		{EC0C1017-B2B7-4EA3-886B-E6D7CE472C24}.Release|Any CPU.ActiveCfg = Release
		{B80197B6-6C61-4015-987B-132A09A407A8}.Debug|Any CPU.ActiveCfg = Debug|Any CPU
		{B80197B6-6C61-4015-987B-132A09A407A8}.Debug|Any CPU.Build.0 = Debug|Any CPU
		{B80197B6-6C61-4015-987B-132A09A407A8}.Release|Any CPU.ActiveCfg = Release|Any CPU
		{B80197B6-6C61-4015-987B-132A09A407A8}.Release|Any CPU.Build.0 = Release|Any CPU
	EndGlobalSection
	GlobalSection(SolutionProperties) = preSolution
		HideSolutionNode = FALSE
	EndGlobalSection
	GlobalSection(ExtensibilityGlobals) = postSolution
		SolutionGuid = {024F758F-5F63-4E27-A2CA-562D885166F9}
	EndGlobalSection
EndGlobal
